
Microsoft Visual Studio Solution File, Format Version 12.00
# Visual Studio Version 16
VisualStudioVersion = 16.0.31410.357
MinimumVisualStudioVersion = 10.0.40219.1
Project("{FAE04EC0-301F-11D3-BF4B-00C04F79EFBC}") = "AzureIoTHubDevices", "AzureIoTHubDevices\AzureIoTHubDevices.csproj", "{533CEE71-239C-44F2-8ABF-1C5148CD5CFA}"
EndProject
Project("{FAE04EC0-301F-11D3-BF4B-00C04F79EFBC}") = "publish", "publish\publish.csproj", "{DE472A62-13F2-43B6-ADDB-B442859DA700}"
EndProject
Project("{FAE04EC0-301F-11D3-BF4B-00C04F79EFBC}") = "subscribe", "subscribe\subscribe.csproj", "{98560CD4-B9D0-4E6A-BBE1-07B072FFE36F}"
EndProject
Global
	GlobalSection(SolutionConfigurationPlatforms) = preSolution
		Debug|Any CPU = Debug|Any CPU
		Release|Any CPU = Release|Any CPU
	EndGlobalSection
	GlobalSection(ProjectConfigurationPlatforms) = postSolution
		{533CEE71-239C-44F2-8ABF-1C5148CD5CFA}.Debug|Any CPU.ActiveCfg = Debug|Any CPU
		{533CEE71-239C-44F2-8ABF-1C5148CD5CFA}.Debug|Any CPU.Build.0 = Debug|Any CPU
		{533CEE71-239C-44F2-8ABF-1C5148CD5CFA}.Release|Any CPU.ActiveCfg = Release|Any CPU
		{533CEE71-239C-44F2-8ABF-1C5148CD5CFA}.Release|Any CPU.Build.0 = Release|Any CPU
		{DE472A62-13F2-43B6-ADDB-B442859DA700}.Debug|Any CPU.ActiveCfg = Debug|Any CPU
		{DE472A62-13F2-43B6-ADDB-B442859DA700}.Debug|Any CPU.Build.0 = Debug|Any CPU
		{DE472A62-13F2-43B6-ADDB-B442859DA700}.Release|Any CPU.ActiveCfg = Release|Any CPU
		{DE472A62-13F2-43B6-ADDB-B442859DA700}.Release|Any CPU.Build.0 = Release|Any CPU
		{98560CD4-B9D0-4E6A-BBE1-07B072FFE36F}.Debug|Any CPU.ActiveCfg = Debug|Any CPU
		{98560CD4-B9D0-4E6A-BBE1-07B072FFE36F}.Debug|Any CPU.Build.0 = Debug|Any CPU
		{98560CD4-B9D0-4E6A-BBE1-07B072FFE36F}.Release|Any CPU.ActiveCfg = Release|Any CPU
		{98560CD4-B9D0-4E6A-BBE1-07B072FFE36F}.Release|Any CPU.Build.0 = Release|Any CPU
	EndGlobalSection
	GlobalSection(SolutionProperties) = preSolution
		HideSolutionNode = FALSE
	EndGlobalSection
	GlobalSection(ExtensibilityGlobals) = postSolution
		SolutionGuid = {DCE39846-EEEB-497C-B4F5-1E226E9AE481}
	EndGlobalSection
EndGlobal
